
Microsoft Visual Studio Solution File, Format Version 12.00
# Visual Studio Version 16
VisualStudioVersion = 16.0.28803.352
MinimumVisualStudioVersion = 10.0.40219.1
Project("{FAE04EC0-301F-11D3-BF4B-00C04F79EFBC}") = "WebApi", "WebApi\WebApi.csproj", "{4879FC69-CB41-4647-97E3-BE921EC70C16}"
EndProject
Global
	GlobalSection(SolutionConfigurationPlatforms) = preSolution
		Debug|Any CPU = Debug|Any CPU
		Release|Any CPU = Release|Any CPU
	EndGlobalSection
	GlobalSection(ProjectConfigurationPlatforms) = postSolution
		{4879FC69-CB41-4647-97E3-BE921EC70C16}.Debug|Any CPU.ActiveCfg = Debug|Any CPU
		{4879FC69-CB41-4647-97E3-BE921EC70C16}.Debug|Any CPU.Build.0 = Debug|Any CPU
		{4879FC69-CB41-4647-97E3-BE921EC70C16}.Release|Any CPU.ActiveCfg = Release|Any CPU
		{4879FC69-CB41-4647-97E3-BE921EC70C16}.Release|Any CPU.Build.0 = Release|Any CPU
	EndGlobalSection
	GlobalSection(SolutionProperties) = preSolution
		HideSolutionNode = FALSE
	EndGlobalSection
	GlobalSection(ExtensibilityGlobals) = postSolution
		SolutionGuid = {1561B959-C577-44EE-BEB3-62F22740E1DA}
	EndGlobalSection
EndGlobal
